
Microsoft Visual Studio Solution File, Format Version 12.00
# Visual Studio 15
VisualStudioVersion = 15.0.26730.3
MinimumVisualStudioVersion = 10.0.40219.1
Project("{FAE04EC0-301F-11D3-BF4B-00C04F79EFBC}") = "Al Qaeda Fying", "Al Qaeda Fying\Al Qaeda Fying.csproj", "{7DEA21B5-726E-4E71-A2D4-4F5B120D9B1E}"
EndProject
Global
	GlobalSection(SolutionConfigurationPlatforms) = preSolution
		Debug|Any CPU = Debug|Any CPU
		Release|Any CPU = Release|Any CPU
	EndGlobalSection
	GlobalSection(ProjectConfigurationPlatforms) = postSolution
		{7DEA21B5-726E-4E71-A2D4-4F5B120D9B1E}.Debug|Any CPU.ActiveCfg = Debug|Any CPU
		{7DEA21B5-726E-4E71-A2D4-4F5B120D9B1E}.Debug|Any CPU.Build.0 = Debug|Any CPU
		{7DEA21B5-726E-4E71-A2D4-4F5B120D9B1E}.Release|Any CPU.ActiveCfg = Release|Any CPU
		{7DEA21B5-726E-4E71-A2D4-4F5B120D9B1E}.Release|Any CPU.Build.0 = Release|Any CPU
	EndGlobalSection
	GlobalSection(SolutionProperties) = preSolution
		HideSolutionNode = FALSE
	EndGlobalSection
	GlobalSection(ExtensibilityGlobals) = postSolution
		SolutionGuid = {AFBD4119-EE36-4C74-8ECD-7815A3D0191A}
	EndGlobalSection
EndGlobal
